{
  "nodes": {
    "catppuccin": {
      "locked": {
        "lastModified": 1719758387,
        "narHash": "sha256-bMaI1jJNzIZar4TP/hhoPQROqqcbD6zT6O+sqIJdp8c=",
        "owner": "catppuccin",
        "repo": "nix",
        "rev": "9eb0610d48dd0e1fecf772bbdacf9050d7b82d7c",
        "type": "github"
      },
      "original": {
        "owner": "catppuccin",
        "repo": "nix",
        "type": "github"
      }
    },
    "home-manager": {
      "inputs": {
        "nixpkgs": [
          "nixpkgs"
        ]
      },
      "locked": {
        "lastModified": 1719827439,
        "narHash": "sha256-tneHOIv1lEavZ0vQ+rgz67LPNCgOZVByYki3OkSshFU=",
        "owner": "nix-community",
        "repo": "home-manager",
        "rev": "59ce796b2563e19821361abbe2067c3bb4143a7d",
        "type": "github"
      },
      "original": {
        "owner": "nix-community",
        "ref": "master",
        "repo": "home-manager",
        "type": "github"
      }
    },
    "kwin-effects-forceblur": {
      "inputs": {
        "nixpkgs": [
          "nixpkgs"
        ],
        "utils": "utils"
      },
      "locked": {
        "lastModified": 1718644073,
        "narHash": "sha256-4a/FDra8bAIlCQwE2oLLIzka6JCbu8x4ComrOu1e/bE=",
        "owner": "taj-ny",
        "repo": "kwin-effects-forceblur",
        "rev": "b9dd76a7456e569eb3798fdf599e591ef64baf5f",
        "type": "github"
      },
      "original": {
        "owner": "taj-ny",
        "repo": "kwin-effects-forceblur",
        "type": "github"
      }
    },
    "nixpkgs": {
      "locked": {
        "lastModified": 1719690277,
        "narHash": "sha256-0xSej1g7eP2kaUF+JQp8jdyNmpmCJKRpO12mKl/36Kc=",
        "owner": "nixos",
        "repo": "nixpkgs",
        "rev": "2741b4b489b55df32afac57bc4bfd220e8bf617e",
        "type": "github"
      },
      "original": {
        "owner": "nixos",
        "ref": "nixos-unstable",
        "repo": "nixpkgs",
        "type": "github"
      }
    },
    "root": {
      "inputs": {
        "catppuccin": "catppuccin",
        "home-manager": "home-manager",
        "kwin-effects-forceblur": "kwin-effects-forceblur",
        "nixpkgs": "nixpkgs"
      }
    },
    "systems": {
      "locked": {
        "lastModified": 1681028828,
        "narHash": "sha256-Vy1rq5AaRuLzOxct8nz4T6wlgyUR7zLU309k9mBC768=",
        "owner": "nix-systems",
        "repo": "default",
        "rev": "da67096a3b9bf56a91d16901293e51ba5b49a27e",
        "type": "github"
      },
      "original": {
        "owner": "nix-systems",
        "repo": "default",
        "type": "github"
      }
    },
    "utils": {
      "inputs": {
        "systems": "systems"
      },
      "locked": {
        "lastModified": 1710146030,
        "narHash": "sha256-SZ5L6eA7HJ/nmkzGG7/ISclqe6oZdOZTNoesiInkXPQ=",
        "owner": "numtide",
        "repo": "flake-utils",
        "rev": "b1d9ab70662946ef0850d488da1c9019f3a9752a",
        "type": "github"
      },
      "original": {
        "owner": "numtide",
        "repo": "flake-utils",
        "type": "github"
      }
    }
  },
  "root": "root",
  "version": 7
}
